
Microsoft Visual Studio Solution File, Format Version 12.00
# Visual Studio Version 17
VisualStudioVersion = 17.4.33205.214
MinimumVisualStudioVersion = 10.0.40219.1
Project("{9A19103F-16F7-4668-BE54-9A1E7A4F7556}") = "VHS_FSW", "VHS_OAIS\VHS_FSW.csproj", "{EFF35568-AAFF-4446-AE12-EF0D058E9597}"
EndProject
Project("{9A19103F-16F7-4668-BE54-9A1E7A4F7556}") = "cClassVHS", "cClassVHS\cClassVHS.csproj", "{7E92C695-7C4E-4D3A-9FDD-A6BE2478489E}"
EndProject
Project("{9A19103F-16F7-4668-BE54-9A1E7A4F7556}") = "OAIS_ADMIN", "OAIS_ADMIN\OAIS_ADMIN.csproj", "{6B83EBFE-2134-4C44-996D-B0FCAE11ADB5}"
EndProject
Project("{9A19103F-16F7-4668-BE54-9A1E7A4F7556}") = "cClassOAIS", "cClassOAIS\cClassOAIS.csproj", "{5AFA29F7-ACCD-4D30-8E84-42ED6514710A}"
EndProject
Project("{FAE04EC0-301F-11D3-BF4B-00C04F79EFBC}") = "Disaster_recovery", "Disaster_recovery\Disaster_recovery.csproj", "{E38F7A7A-67A4-4330-9F79-647E77CDD64F}"
EndProject
Project("{FAE04EC0-301F-11D3-BF4B-00C04F79EFBC}") = "MHR_LEIT", "MHR_LEIT\MHR_LEIT.csproj", "{0C4ACDD4-28CF-4970-94C6-78187672CE3D}"
EndProject
Global
	GlobalSection(SolutionConfigurationPlatforms) = preSolution
		Debug|Any CPU = Debug|Any CPU
		Release|Any CPU = Release|Any CPU
	EndGlobalSection
	GlobalSection(ProjectConfigurationPlatforms) = postSolution
		{EFF35568-AAFF-4446-AE12-EF0D058E9597}.Debug|Any CPU.ActiveCfg = Debug|Any CPU
		{EFF35568-AAFF-4446-AE12-EF0D058E9597}.Debug|Any CPU.Build.0 = Debug|Any CPU
		{EFF35568-AAFF-4446-AE12-EF0D058E9597}.Release|Any CPU.ActiveCfg = Release|Any CPU
		{EFF35568-AAFF-4446-AE12-EF0D058E9597}.Release|Any CPU.Build.0 = Release|Any CPU
		{7E92C695-7C4E-4D3A-9FDD-A6BE2478489E}.Debug|Any CPU.ActiveCfg = Debug|Any CPU
		{7E92C695-7C4E-4D3A-9FDD-A6BE2478489E}.Debug|Any CPU.Build.0 = Debug|Any CPU
		{7E92C695-7C4E-4D3A-9FDD-A6BE2478489E}.Release|Any CPU.ActiveCfg = Release|Any CPU
		{7E92C695-7C4E-4D3A-9FDD-A6BE2478489E}.Release|Any CPU.Build.0 = Release|Any CPU
		{6B83EBFE-2134-4C44-996D-B0FCAE11ADB5}.Debug|Any CPU.ActiveCfg = Debug|Any CPU
		{6B83EBFE-2134-4C44-996D-B0FCAE11ADB5}.Debug|Any CPU.Build.0 = Debug|Any CPU
		{6B83EBFE-2134-4C44-996D-B0FCAE11ADB5}.Release|Any CPU.ActiveCfg = Release|Any CPU
		{6B83EBFE-2134-4C44-996D-B0FCAE11ADB5}.Release|Any CPU.Build.0 = Release|Any CPU
		{5AFA29F7-ACCD-4D30-8E84-42ED6514710A}.Debug|Any CPU.ActiveCfg = Debug|Any CPU
		{5AFA29F7-ACCD-4D30-8E84-42ED6514710A}.Debug|Any CPU.Build.0 = Debug|Any CPU
		{5AFA29F7-ACCD-4D30-8E84-42ED6514710A}.Release|Any CPU.ActiveCfg = Release|Any CPU
		{5AFA29F7-ACCD-4D30-8E84-42ED6514710A}.Release|Any CPU.Build.0 = Release|Any CPU
		{E38F7A7A-67A4-4330-9F79-647E77CDD64F}.Debug|Any CPU.ActiveCfg = Debug|Any CPU
		{E38F7A7A-67A4-4330-9F79-647E77CDD64F}.Debug|Any CPU.Build.0 = Debug|Any CPU
		{E38F7A7A-67A4-4330-9F79-647E77CDD64F}.Release|Any CPU.ActiveCfg = Release|Any CPU
		{E38F7A7A-67A4-4330-9F79-647E77CDD64F}.Release|Any CPU.Build.0 = Release|Any CPU
		{0C4ACDD4-28CF-4970-94C6-78187672CE3D}.Debug|Any CPU.ActiveCfg = Debug|Any CPU
		{0C4ACDD4-28CF-4970-94C6-78187672CE3D}.Debug|Any CPU.Build.0 = Debug|Any CPU
		{0C4ACDD4-28CF-4970-94C6-78187672CE3D}.Release|Any CPU.ActiveCfg = Release|Any CPU
		{0C4ACDD4-28CF-4970-94C6-78187672CE3D}.Release|Any CPU.Build.0 = Release|Any CPU
	EndGlobalSection
	GlobalSection(SolutionProperties) = preSolution
		HideSolutionNode = FALSE
	EndGlobalSection
	GlobalSection(ExtensibilityGlobals) = postSolution
		SolutionGuid = {A501607D-D5EB-465C-89CB-A4B661847794}
	EndGlobalSection
EndGlobal
